// !$*UTF8*$!
{
	archiveVersion = 1;
	classes = {
	};
	objectVersion = 50;
	objects = {

/* Begin PBXBuildFile section */
		D2DA94772406B7DE00468CC7 /* AppDelegate.swift in Sources */ = {isa = PBXBuildFile; fileRef = D2DA94762406B7DE00468CC7 /* AppDelegate.swift */; };
		D2DA94792406B7DE00468CC7 /* SceneDelegate.swift in Sources */ = {isa = PBXBuildFile; fileRef = D2DA94782406B7DE00468CC7 /* SceneDelegate.swift */; };
		D2DA947B2406B7DE00468CC7 /* ContentView.swift in Sources */ = {isa = PBXBuildFile; fileRef = D2DA947A2406B7DE00468CC7 /* ContentView.swift */; };
		D2DA947D2406B7E100468CC7 /* Assets.xcassets in Resources */ = {isa = PBXBuildFile; fileRef = D2DA947C2406B7E100468CC7 /* Assets.xcassets */; };
		D2DA94802406B7E100468CC7 /* Preview Assets.xcassets in Resources */ = {isa = PBXBuildFile; fileRef = D2DA947F2406B7E100468CC7 /* Preview Assets.xcassets */; };
		D2DA94832406B7E100468CC7 /* LaunchScreen.storyboard in Resources */ = {isa = PBXBuildFile; fileRef = D2DA94812406B7E100468CC7 /* LaunchScreen.storyboard */; };
		D2DA94902406B93200468CC7 /* Message.swift in Sources */ = {isa = PBXBuildFile; fileRef = D2DA948F2406B93200468CC7 /* Message.swift */; };
		D2DA94922406B93C00468CC7 /* User.swift in Sources */ = {isa = PBXBuildFile; fileRef = D2DA94912406B93C00468CC7 /* User.swift */; };
		D2DA94942406B94300468CC7 /* ChatViewModel.swift in Sources */ = {isa = PBXBuildFile; fileRef = D2DA94932406B94300468CC7 /* ChatViewModel.swift */; };
		D2DA94962406B98500468CC7 /* DateFormatter+.swift in Sources */ = {isa = PBXBuildFile; fileRef = D2DA94952406B98500468CC7 /* DateFormatter+.swift */; };
		D2DA94AA2407E03800468CC7 /* ToolbarView.swift in Sources */ = {isa = PBXBuildFile; fileRef = D2DA94A92407E03800468CC7 /* ToolbarView.swift */; };
		D2DA94AC2407E1DC00468CC7 /* MessageView.swift in Sources */ = {isa = PBXBuildFile; fileRef = D2DA94AB2407E1DC00468CC7 /* MessageView.swift */; };
		D2DA94AE2407E5B900468CC7 /* ReversibleChatScrollView.swift in Sources */ = {isa = PBXBuildFile; fileRef = D2DA94AD2407E5B900468CC7 /* ReversibleChatScrollView.swift */; };
/* End PBXBuildFile section */

/* Begin PBXFileReference section */
		D2DA94732406B7DE00468CC7 /* Crosstalk.app */ = {isa = PBXFileReference; explicitFileType = wrapper.application; includeInIndex = 0; path = Crosstalk.app; sourceTree = BUILT_PRODUCTS_DIR; };
		D2DA94762406B7DE00468CC7 /* AppDelegate.swift */ = {isa = PBXFileReference; lastKnownFileType = sourcecode.swift; path = AppDelegate.swift; sourceTree = "<group>"; };
		D2DA94782406B7DE00468CC7 /* SceneDelegate.swift */ = {isa = PBXFileReference; lastKnownFileType = sourcecode.swift; path = SceneDelegate.swift; sourceTree = "<group>"; };
		D2DA947A2406B7DE00468CC7 /* ContentView.swift */ = {isa = PBXFileReference; lastKnownFileType = sourcecode.swift; path = ContentView.swift; sourceTree = "<group>"; };
		D2DA947C2406B7E100468CC7 /* Assets.xcassets */ = {isa = PBXFileReference; lastKnownFileType = folder.assetcatalog; path = Assets.xcassets; sourceTree = "<group>"; };
		D2DA947F2406B7E100468CC7 /* Preview Assets.xcassets */ = {isa = PBXFileReference; lastKnownFileType = folder.assetcatalog; path = "Preview Assets.xcassets"; sourceTree = "<group>"; };
		D2DA94822406B7E100468CC7 /* Base */ = {isa = PBXFileReference; lastKnownFileType = file.storyboard; name = Base; path = Base.lproj/LaunchScreen.storyboard; sourceTree = "<group>"; };
		D2DA94842406B7E100468CC7 /* Info.plist */ = {isa = PBXFileReference; lastKnownFileType = text.plist.xml; path = Info.plist; sourceTree = "<group>"; };
		D2DA948F2406B93200468CC7 /* Message.swift */ = {isa = PBXFileReference; fileEncoding = 4; lastKnownFileType = sourcecode.swift; path = Message.swift; sourceTree = "<group>"; };
		D2DA94912406B93C00468CC7 /* User.swift */ = {isa = PBXFileReference; fileEncoding = 4; lastKnownFileType = sourcecode.swift; path = User.swift; sourceTree = "<group>"; };
		D2DA94932406B94300468CC7 /* ChatViewModel.swift */ = {isa = PBXFileReference; fileEncoding = 4; lastKnownFileType = sourcecode.swift; path = ChatViewModel.swift; sourceTree = "<group>"; };
		D2DA94952406B98500468CC7 /* DateFormatter+.swift */ = {isa = PBXFileReference; fileEncoding = 4; lastKnownFileType = sourcecode.swift; path = "DateFormatter+.swift"; sourceTree = "<group>"; };
		D2DA94A92407E03800468CC7 /* ToolbarView.swift */ = {isa = PBXFileReference; fileEncoding = 4; lastKnownFileType = sourcecode.swift; path = ToolbarView.swift; sourceTree = "<group>"; };
		D2DA94AB2407E1DC00468CC7 /* MessageView.swift */ = {isa = PBXFileReference; lastKnownFileType = sourcecode.swift; path = MessageView.swift; sourceTree = "<group>"; };
		D2DA94AD2407E5B900468CC7 /* ReversibleChatScrollView.swift */ = {isa = PBXFileReference; fileEncoding = 4; lastKnownFileType = sourcecode.swift; path = ReversibleChatScrollView.swift; sourceTree = "<group>"; };
/* End PBXFileReference section */

/* Begin PBXFrameworksBuildPhase section */
		D2DA94702406B7DE00468CC7 /* Frameworks */ = {
			isa = PBXFrameworksBuildPhase;
			buildActionMask = 2147483647;
			files = (
			);
			runOnlyForDeploymentPostprocessing = 0;
		};
/* End PBXFrameworksBuildPhase section */

/* Begin PBXGroup section */
		D2DA946A2406B7DE00468CC7 = {
			isa = PBXGroup;
			children = (
				D2DA94752406B7DE00468CC7 /* Crosstalk */,
				D2DA94742406B7DE00468CC7 /* Products */,
			);
			sourceTree = "<group>";
		};
		D2DA94742406B7DE00468CC7 /* Products */ = {
			isa = PBXGroup;
			children = (
				D2DA94732406B7DE00468CC7 /* Crosstalk.app */,
			);
			name = Products;
			sourceTree = "<group>";
		};
		D2DA94752406B7DE00468CC7 /* Crosstalk */ = {
			isa = PBXGroup;
			children = (
				D2DA948A2406B89F00468CC7 /* App */,
				D2DA948B2406B8D500468CC7 /* Models */,
				D2DA948C2406B8E500468CC7 /* View Models */,
				D2DA948D2406B8F100468CC7 /* Views */,
				D2DA948E2406B8FE00468CC7 /* Supporting Files */,
			);
			path = Crosstalk;
			sourceTree = "<group>";
		};
		D2DA947E2406B7E100468CC7 /* Preview Content */ = {
			isa = PBXGroup;
			children = (
				D2DA947F2406B7E100468CC7 /* Preview Assets.xcassets */,
			);
			path = "Preview Content";
			sourceTree = "<group>";
		};
		D2DA948A2406B89F00468CC7 /* App */ = {
			isa = PBXGroup;
			children = (
				D2DA94762406B7DE00468CC7 /* AppDelegate.swift */,
				D2DA94782406B7DE00468CC7 /* SceneDelegate.swift */,
			);
			path = App;
			sourceTree = "<group>";
		};
		D2DA948B2406B8D500468CC7 /* Models */ = {
			isa = PBXGroup;
			children = (
				D2DA948F2406B93200468CC7 /* Message.swift */,
				D2DA94912406B93C00468CC7 /* User.swift */,
			);
			path = Models;
			sourceTree = "<group>";
		};
		D2DA948C2406B8E500468CC7 /* View Models */ = {
			isa = PBXGroup;
			children = (
				D2DA94932406B94300468CC7 /* ChatViewModel.swift */,
			);
			path = "View Models";
			sourceTree = "<group>";
		};
		D2DA948D2406B8F100468CC7 /* Views */ = {
			isa = PBXGroup;
			children = (
				D2DA947A2406B7DE00468CC7 /* ContentView.swift */,
				D2DA94AB2407E1DC00468CC7 /* MessageView.swift */,
				D2DA94AD2407E5B900468CC7 /* ReversibleChatScrollView.swift */,
				D2DA94A92407E03800468CC7 /* ToolbarView.swift */,
			);
			path = Views;
			sourceTree = "<group>";
		};
		D2DA948E2406B8FE00468CC7 /* Supporting Files */ = {
			isa = PBXGroup;
			children = (
				D2DA947C2406B7E100468CC7 /* Assets.xcassets */,
				D2DA94952406B98500468CC7 /* DateFormatter+.swift */,
				D2DA94812406B7E100468CC7 /* LaunchScreen.storyboard */,
				D2DA94842406B7E100468CC7 /* Info.plist */,
				D2DA947E2406B7E100468CC7 /* Preview Content */,
			);
			name = "Supporting Files";
			sourceTree = "<group>";
		};
/* End PBXGroup section */

/* Begin PBXNativeTarget section */
		D2DA94722406B7DE00468CC7 /* Crosstalk */ = {
			isa = PBXNativeTarget;
			buildConfigurationList = D2DA94872406B7E100468CC7 /* Build configuration list for PBXNativeTarget "Crosstalk" */;
			buildPhases = (
				D2DA946F2406B7DE00468CC7 /* Sources */,
				D2DA94702406B7DE00468CC7 /* Frameworks */,
				D2DA94712406B7DE00468CC7 /* Resources */,
			);
			buildRules = (
			);
			dependencies = (
			);
			name = Crosstalk;
			productName = Crosstalk;
			productReference = D2DA94732406B7DE00468CC7 /* Crosstalk.app */;
			productType = "com.apple.product-type.application";
		};
/* End PBXNativeTarget section */

/* Begin PBXProject section */
		D2DA946B2406B7DE00468CC7 /* Project object */ = {
			isa = PBXProject;
			attributes = {
				LastSwiftUpdateCheck = 1130;
				LastUpgradeCheck = 1130;
				ORGANIZATIONNAME = "Scott Gardner";
				TargetAttributes = {
					D2DA94722406B7DE00468CC7 = {
						CreatedOnToolsVersion = 11.3.1;
					};
				};
			};
			buildConfigurationList = D2DA946E2406B7DE00468CC7 /* Build configuration list for PBXProject "Crosstalk" */;
			compatibilityVersion = "Xcode 9.3";
			developmentRegion = en;
			hasScannedForEncodings = 0;
			knownRegions = (
				en,
				Base,
			);
			mainGroup = D2DA946A2406B7DE00468CC7;
			productRefGroup = D2DA94742406B7DE00468CC7 /* Products */;
			projectDirPath = "";
			projectRoot = "";
			targets = (
				D2DA94722406B7DE00468CC7 /* Crosstalk */,
			);
		};
/* End PBXProject section */

/* Begin PBXResourcesBuildPhase section */
		D2DA94712406B7DE00468CC7 /* Resources */ = {
			isa = PBXResourcesBuildPhase;
			buildActionMask = 2147483647;
			files = (
				D2DA94832406B7E100468CC7 /* LaunchScreen.storyboard in Resources */,
				D2DA94802406B7E100468CC7 /* Preview Assets.xcassets in Resources */,
				D2DA947D2406B7E100468CC7 /* Assets.xcassets in Resources */,
			);
			runOnlyForDeploymentPostprocessing = 0;
		};
/* End PBXResourcesBuildPhase section */

/* Begin PBXSourcesBuildPhase section */
		D2DA946F2406B7DE00468CC7 /* Sources */ = {
			isa = PBXSourcesBuildPhase;
			buildActionMask = 2147483647;
			files = (
				D2DA94772406B7DE00468CC7 /* AppDelegate.swift in Sources */,
				D2DA94AA2407E03800468CC7 /* ToolbarView.swift in Sources */,
				D2DA94902406B93200468CC7 /* Message.swift in Sources */,
				D2DA94AC2407E1DC00468CC7 /* MessageView.swift in Sources */,
				D2DA94792406B7DE00468CC7 /* SceneDelegate.swift in Sources */,
				D2DA94962406B98500468CC7 /* DateFormatter+.swift in Sources */,
				D2DA94AE2407E5B900468CC7 /* ReversibleChatScrollView.swift in Sources */,
				D2DA94922406B93C00468CC7 /* User.swift in Sources */,
				D2DA94942406B94300468CC7 /* ChatViewModel.swift in Sources */,
				D2DA947B2406B7DE00468CC7 /* ContentView.swift in Sources */,
			);
			runOnlyForDeploymentPostprocessing = 0;
		};
/* End PBXSourcesBuildPhase section */

/* Begin PBXVariantGroup section */
		D2DA94812406B7E100468CC7 /* LaunchScreen.storyboard */ = {
			isa = PBXVariantGroup;
			children = (
				D2DA94822406B7E100468CC7 /* Base */,
			);
			name = LaunchScreen.storyboard;
			sourceTree = "<group>";
		};
/* End PBXVariantGroup section */

/* Begin XCBuildConfiguration section */
		D2DA94852406B7E100468CC7 /* Debug */ = {
			isa = XCBuildConfiguration;
			buildSettings = {
				ALWAYS_SEARCH_USER_PATHS = NO;
				CLANG_ANALYZER_NONNULL = YES;
				CLANG_ANALYZER_NUMBER_OBJECT_CONVERSION = YES_AGGRESSIVE;
				CLANG_CXX_LANGUAGE_STANDARD = "gnu++14";
				CLANG_CXX_LIBRARY = "libc++";
				CLANG_ENABLE_MODULES = YES;
				CLANG_ENABLE_OBJC_ARC = YES;
				CLANG_ENABLE_OBJC_WEAK = YES;
				CLANG_WARN_BLOCK_CAPTURE_AUTORELEASING = YES;
				CLANG_WARN_BOOL_CONVERSION = YES;
				CLANG_WARN_COMMA = YES;
				CLANG_WARN_CONSTANT_CONVERSION = YES;
				CLANG_WARN_DEPRECATED_OBJC_IMPLEMENTATIONS = YES;
				CLANG_WARN_DIRECT_OBJC_ISA_USAGE = YES_ERROR;
				CLANG_WARN_DOCUMENTATION_COMMENTS = YES;
				CLANG_WARN_EMPTY_BODY = YES;
				CLANG_WARN_ENUM_CONVERSION = YES;
				CLANG_WARN_INFINITE_RECURSION = YES;
				CLANG_WARN_INT_CONVERSION = YES;
				CLANG_WARN_NON_LITERAL_NULL_CONVERSION = YES;
				CLANG_WARN_OBJC_IMPLICIT_RETAIN_SELF = YES;
				CLANG_WARN_OBJC_LITERAL_CONVERSION = YES;
				CLANG_WARN_OBJC_ROOT_CLASS = YES_ERROR;
				CLANG_WARN_RANGE_LOOP_ANALYSIS = YES;
				CLANG_WARN_STRICT_PROTOTYPES = YES;
				CLANG_WARN_SUSPICIOUS_MOVE = YES;
				CLANG_WARN_UNGUARDED_AVAILABILITY = YES_AGGRESSIVE;
				CLANG_WARN_UNREACHABLE_CODE = YES;
				CLANG_WARN__DUPLICATE_METHOD_MATCH = YES;
				COPY_PHASE_STRIP = NO;
				DEBUG_INFORMATION_FORMAT = dwarf;
				ENABLE_STRICT_OBJC_MSGSEND = YES;
				ENABLE_TESTABILITY = YES;
				GCC_C_LANGUAGE_STANDARD = gnu11;
				GCC_DYNAMIC_NO_PIC = NO;
				GCC_NO_COMMON_BLOCKS = YES;
				GCC_OPTIMIZATION_LEVEL = 0;
				GCC_PREPROCESSOR_DEFINITIONS = (
					"DEBUG=1",
					"$(inherited)",
				);
				GCC_WARN_64_TO_32_BIT_CONVERSION = YES;
				GCC_WARN_ABOUT_RETURN_TYPE = YES_ERROR;
				GCC_WARN_UNDECLARED_SELECTOR = YES;
				GCC_WARN_UNINITIALIZED_AUTOS = YES_AGGRESSIVE;
				GCC_WARN_UNUSED_FUNCTION = YES;
				GCC_WARN_UNUSED_VARIABLE = YES;
				IPHONEOS_DEPLOYMENT_TARGET = 13.2;
				MTL_ENABLE_DEBUG_INFO = INCLUDE_SOURCE;
				MTL_FAST_MATH = YES;
				ONLY_ACTIVE_ARCH = YES;
				SDKROOT = iphoneos;
				SWIFT_ACTIVE_COMPILATION_CONDITIONS = DEBUG;
				SWIFT_OPTIMIZATION_LEVEL = "-Onone";
			};
			name = Debug;
		};
		D2DA94862406B7E100468CC7 /* Release */ = {
			isa = XCBuildConfiguration;
			buildSettings = {
				ALWAYS_SEARCH_USER_PATHS = NO;
				CLANG_ANALYZER_NONNULL = YES;
				CLANG_ANALYZER_NUMBER_OBJECT_CONVERSION = YES_AGGRESSIVE;
				CLANG_CXX_LANGUAGE_STANDARD = "gnu++14";
				CLANG_CXX_LIBRARY = "libc++";
				CLANG_ENABLE_MODULES = YES;
				CLANG_ENABLE_OBJC_ARC = YES;
				CLANG_ENABLE_OBJC_WEAK = YES;
				CLANG_WARN_BLOCK_CAPTURE_AUTORELEASING = YES;
				CLANG_WARN_BOOL_CONVERSION = YES;
				CLANG_WARN_COMMA = YES;
				CLANG_WARN_CONSTANT_CONVERSION = YES;
				CLANG_WARN_DEPRECATED_OBJC_IMPLEMENTATIONS = YES;
				CLANG_WARN_DIRECT_OBJC_ISA_USAGE = YES_ERROR;
				CLANG_WARN_DOCUMENTATION_COMMENTS = YES;
				CLANG_WARN_EMPTY_BODY = YES;
				CLANG_WARN_ENUM_CONVERSION = YES;
				CLANG_WARN_INFINITE_RECURSION = YES;
				CLANG_WARN_INT_CONVERSION = YES;
				CLANG_WARN_NON_LITERAL_NULL_CONVERSION = YES;
				CLANG_WARN_OBJC_IMPLICIT_RETAIN_SELF = YES;
				CLANG_WARN_OBJC_LITERAL_CONVERSION = YES;
				CLANG_WARN_OBJC_ROOT_CLASS = YES_ERROR;
				CLANG_WARN_RANGE_LOOP_ANALYSIS = YES;
				CLANG_WARN_STRICT_PROTOTYPES = YES;
				CLANG_WARN_SUSPICIOUS_MOVE = YES;
				CLANG_WARN_UNGUARDED_AVAILABILITY = YES_AGGRESSIVE;
				CLANG_WARN_UNREACHABLE_CODE = YES;
				CLANG_WARN__DUPLICATE_METHOD_MATCH = YES;
				COPY_PHASE_STRIP = NO;
				DEBUG_INFORMATION_FORMAT = "dwarf-with-dsym";
				ENABLE_NS_ASSERTIONS = NO;
				ENABLE_STRICT_OBJC_MSGSEND = YES;
				GCC_C_LANGUAGE_STANDARD = gnu11;
				GCC_NO_COMMON_BLOCKS = YES;
				GCC_WARN_64_TO_32_BIT_CONVERSION = YES;
				GCC_WARN_ABOUT_RETURN_TYPE = YES_ERROR;
				GCC_WARN_UNDECLARED_SELECTOR = YES;
				GCC_WARN_UNINITIALIZED_AUTOS = YES_AGGRESSIVE;
				GCC_WARN_UNUSED_FUNCTION = YES;
				GCC_WARN_UNUSED_VARIABLE = YES;
				IPHONEOS_DEPLOYMENT_TARGET = 13.2;
				MTL_ENABLE_DEBUG_INFO = NO;
				MTL_FAST_MATH = YES;
				SDKROOT = iphoneos;
				SWIFT_COMPILATION_MODE = wholemodule;
				SWIFT_OPTIMIZATION_LEVEL = "-O";
				VALIDATE_PRODUCT = YES;
			};
			name = Release;
		};
		D2DA94882406B7E100468CC7 /* Debug */ = {
			isa = XCBuildConfiguration;
			buildSettings = {
				ASSETCATALOG_COMPILER_APPICON_NAME = AppIcon;
				CODE_SIGN_STYLE = Automatic;
				DEVELOPMENT_ASSET_PATHS = "\"Crosstalk/Preview Content\"";
				DEVELOPMENT_TEAM = CX893E63R7;
				ENABLE_PREVIEWS = YES;
				INFOPLIST_FILE = Crosstalk/Info.plist;
				LD_RUNPATH_SEARCH_PATHS = (
					"$(inherited)",
					"@executable_path/Frameworks",
				);
				PRODUCT_BUNDLE_IDENTIFIER = com.scotteg.Crosstalk;
				PRODUCT_NAME = "$(TARGET_NAME)";
				SWIFT_VERSION = 5.0;
				TARGETED_DEVICE_FAMILY = "1,2";
			};
			name = Debug;
		};
		D2DA94892406B7E100468CC7 /* Release */ = {
			isa = XCBuildConfiguration;
			buildSettings = {
				ASSETCATALOG_COMPILER_APPICON_NAME = AppIcon;
				CODE_SIGN_STYLE = Automatic;
				DEVELOPMENT_ASSET_PATHS = "\"Crosstalk/Preview Content\"";
				DEVELOPMENT_TEAM = CX893E63R7;
				ENABLE_PREVIEWS = YES;
				INFOPLIST_FILE = Crosstalk/Info.plist;
				LD_RUNPATH_SEARCH_PATHS = (
					"$(inherited)",
					"@executable_path/Frameworks",
				);
				PRODUCT_BUNDLE_IDENTIFIER = com.scotteg.Crosstalk;
				PRODUCT_NAME = "$(TARGET_NAME)";
				SWIFT_VERSION = 5.0;
				TARGETED_DEVICE_FAMILY = "1,2";
			};
			name = Release;
		};
/* End XCBuildConfiguration section */

/* Begin XCConfigurationList section */
		D2DA946E2406B7DE00468CC7 /* Build configuration list for PBXProject "Crosstalk" */ = {
			isa = XCConfigurationList;
			buildConfigurations = (
				D2DA94852406B7E100468CC7 /* Debug */,
				D2DA94862406B7E100468CC7 /* Release */,
			);
			defaultConfigurationIsVisible = 0;
			defaultConfigurationName = Release;
		};
		D2DA94872406B7E100468CC7 /* Build configuration list for PBXNativeTarget "Crosstalk" */ = {
			isa = XCConfigurationList;
			buildConfigurations = (
				D2DA94882406B7E100468CC7 /* Debug */,
				D2DA94892406B7E100468CC7 /* Release */,
			);
			defaultConfigurationIsVisible = 0;
			defaultConfigurationName = Release;
		};
/* End XCConfigurationList section */
	};
	rootObject = D2DA946B2406B7DE00468CC7 /* Project object */;
}
